<?xml version="1.0" encoding="utf-8"?>
<Project ToolsVersion="4.0" xmlns="http://schemas.microsoft.com/developer/msbuild/2003">
  <ItemGroup>
    <Filter Include="Source Files">
      <UniqueIdentifier>{4FC737F1-C7A5-4376-A066-2A32D752A2FF}</UniqueIdentifier>
      <Extensions>cpp;c;cc;cxx;def;odl;idl;hpj;bat;asm;asmx</Extensions>
    </Filter>
    <Filter Include="Header Files">
      <UniqueIdentifier>{93995380-89BD-4b04-88EB-625FBE52EBFB}</UniqueIdentifier>
      <Extensions>h;hh;hpp;hxx;hm;inl;inc;xsd</Extensions>
    </Filter>
    <Filter Include="Resource Files">
      <UniqueIdentifier>{67DA6AB6-F800-4c08-8B7A-83BB121AAD01}</UniqueIdentifier>
      <Extensions>rc;ico;cur;bmp;dlg;rc2;rct;bin;rgs;gif;jpg;jpeg;jpe;resx;tiff;tif;png;wav;mfcribbon-ms</Extensions>
    </Filter>
    <Filter Include="VulkanTutorial">
      <UniqueIdentifier>{5ab1974e-acf0-40bb-9a48-d797777a5597}</UniqueIdentifier>
    </Filter>
    <Filter Include="VulkanTutorial\Source Files">
      <UniqueIdentifier>{3cf9ef03-8604-4c15-82e9-530449650b46}</UniqueIdentifier>
    </Filter>
    <Filter Include="VulkanTutorial\Header Files">
      <UniqueIdentifier>{48870e2d-21c0-449c-a023-f3b6b348da14}</UniqueIdentifier>
    </Filter>
    <Filter Include="Header Files\VulkanInitialize">
      <UniqueIdentifier>{4977fe26-5373-40b0-9e28-ad5d0062f363}</UniqueIdentifier>
    </Filter>
    <Filter Include="Source Files\VulkanIntialize">
      <UniqueIdentifier>{1868a427-df9d-46e3-9435-f42793a06da9}</UniqueIdentifier>
    </Filter>
  </ItemGroup>
  <ItemGroup>
    <ClCompile Include="Main.cpp">
      <Filter>Source Files</Filter>
    </ClCompile>
    <ClCompile Include="ReifyLoop.cpp">
      <Filter>Source Files</Filter>
    </ClCompile>
    <ClCompile Include="ReifyAppInfo.cpp">
      <Filter>Source Files\VulkanIntialize</Filter>
    </ClCompile>
    <ClCompile Include="ReifyInstanceCreateInfo.cpp">
      <Filter>Source Files\VulkanIntialize</Filter>
    </ClCompile>
    <ClCompile Include="ReifyVKInstance.cpp">
      <Filter>Source Files\VulkanIntialize</Filter>
    </ClCompile>
    <ClCompile Include="ReifyVkValidationLayers.cpp">
      <Filter>Source Files</Filter>
    </ClCompile>
  </ItemGroup>
  <ItemGroup>
    <None Include="packages.config" />
  </ItemGroup>
  <ItemGroup>
    <ClInclude Include="ReifyLoop.h">
      <Filter>Header Files</Filter>
    </ClInclude>
    <ClInclude Include="ReifyAppInfo.h">
      <Filter>Header Files\VulkanInitialize</Filter>
    </ClInclude>
    <ClInclude Include="ReifyDeleter.h">
      <Filter>Header Files\VulkanInitialize</Filter>
    </ClInclude>
    <ClInclude Include="ReifyInstanceCreateInfo.h">
      <Filter>Header Files\VulkanInitialize</Filter>
    </ClInclude>
    <ClInclude Include="ReifyVKInstance.h">
      <Filter>Header Files\VulkanInitialize</Filter>
    </ClInclude>
    <ClInclude Include="ReifyVkValidationLayers.h">
      <Filter>Header Files</Filter>
    </ClInclude>
  </ItemGroup>
</Project>